// !$*UTF8*$!
{
	archiveVersion = 1;
	classes = {
	};
	objectVersion = 56;
	objects = {

/* Begin PBXBuildFile section */
		EE984A0E2BA0CA8900FCB907 /* CSC680_Final_ProjectApp.swift in Sources */ = {isa = PBXBuildFile; fileRef = EE984A0D2BA0CA8900FCB907 /* CSC680_Final_ProjectApp.swift */; };
		EE984A102BA0CA8900FCB907 /* ContentView.swift in Sources */ = {isa = PBXBuildFile; fileRef = EE984A0F2BA0CA8900FCB907 /* ContentView.swift */; };
		EE984A122BA0CA8B00FCB907 /* Assets.xcassets in Resources */ = {isa = PBXBuildFile; fileRef = EE984A112BA0CA8B00FCB907 /* Assets.xcassets */; };
		EE984A152BA0CA8B00FCB907 /* Preview Assets.xcassets in Resources */ = {isa = PBXBuildFile; fileRef = EE984A142BA0CA8B00FCB907 /* Preview Assets.xcassets */; };
		EE984A1F2BA0CA8B00FCB907 /* CSC680_Final_ProjectTests.swift in Sources */ = {isa = PBXBuildFile; fileRef = EE984A1E2BA0CA8B00FCB907 /* CSC680_Final_ProjectTests.swift */; };
		EE984A292BA0CA8B00FCB907 /* CSC680_Final_ProjectUITests.swift in Sources */ = {isa = PBXBuildFile; fileRef = EE984A282BA0CA8B00FCB907 /* CSC680_Final_ProjectUITests.swift */; };
		EE984A2B2BA0CA8B00FCB907 /* CSC680_Final_ProjectUITestsLaunchTests.swift in Sources */ = {isa = PBXBuildFile; fileRef = EE984A2A2BA0CA8B00FCB907 /* CSC680_Final_ProjectUITestsLaunchTests.swift */; };
/* End PBXBuildFile section */

/* Begin PBXContainerItemProxy section */
		EE984A1B2BA0CA8B00FCB907 /* PBXContainerItemProxy */ = {
			isa = PBXContainerItemProxy;
			containerPortal = EE984A022BA0CA8900FCB907 /* Project object */;
			proxyType = 1;
			remoteGlobalIDString = EE984A092BA0CA8900FCB907;
			remoteInfo = "CSC680 Final Project";
		};
		EE984A252BA0CA8B00FCB907 /* PBXContainerItemProxy */ = {
			isa = PBXContainerItemProxy;
			containerPortal = EE984A022BA0CA8900FCB907 /* Project object */;
			proxyType = 1;
			remoteGlobalIDString = EE984A092BA0CA8900FCB907;
			remoteInfo = "CSC680 Final Project";
		};
/* End PBXContainerItemProxy section */

/* Begin PBXFileReference section */
		EE984A0A2BA0CA8900FCB907 /* CSC680 Final Project.app */ = {isa = PBXFileReference; explicitFileType = wrapper.application; includeInIndex = 0; path = "CSC680 Final Project.app"; sourceTree = BUILT_PRODUCTS_DIR; };
		EE984A0D2BA0CA8900FCB907 /* CSC680_Final_ProjectApp.swift */ = {isa = PBXFileReference; lastKnownFileType = sourcecode.swift; path = CSC680_Final_ProjectApp.swift; sourceTree = "<group>"; };
		EE984A0F2BA0CA8900FCB907 /* ContentView.swift */ = {isa = PBXFileReference; lastKnownFileType = sourcecode.swift; path = ContentView.swift; sourceTree = "<group>"; };
		EE984A112BA0CA8B00FCB907 /* Assets.xcassets */ = {isa = PBXFileReference; lastKnownFileType = folder.assetcatalog; path = Assets.xcassets; sourceTree = "<group>"; };
		EE984A142BA0CA8B00FCB907 /* Preview Assets.xcassets */ = {isa = PBXFileReference; lastKnownFileType = folder.assetcatalog; path = "Preview Assets.xcassets"; sourceTree = "<group>"; };
		EE984A1A2BA0CA8B00FCB907 /* CSC680 Final ProjectTests.xctest */ = {isa = PBXFileReference; explicitFileType = wrapper.cfbundle; includeInIndex = 0; path = "CSC680 Final ProjectTests.xctest"; sourceTree = BUILT_PRODUCTS_DIR; };
		EE984A1E2BA0CA8B00FCB907 /* CSC680_Final_ProjectTests.swift */ = {isa = PBXFileReference; lastKnownFileType = sourcecode.swift; path = CSC680_Final_ProjectTests.swift; sourceTree = "<group>"; };
		EE984A242BA0CA8B00FCB907 /* CSC680 Final ProjectUITests.xctest */ = {isa = PBXFileReference; explicitFileType = wrapper.cfbundle; includeInIndex = 0; path = "CSC680 Final ProjectUITests.xctest"; sourceTree = BUILT_PRODUCTS_DIR; };
		EE984A282BA0CA8B00FCB907 /* CSC680_Final_ProjectUITests.swift */ = {isa = PBXFileReference; lastKnownFileType = sourcecode.swift; path = CSC680_Final_ProjectUITests.swift; sourceTree = "<group>"; };
		EE984A2A2BA0CA8B00FCB907 /* CSC680_Final_ProjectUITestsLaunchTests.swift */ = {isa = PBXFileReference; lastKnownFileType = sourcecode.swift; path = CSC680_Final_ProjectUITestsLaunchTests.swift; sourceTree = "<group>"; };
/* End PBXFileReference section */

/* Begin PBXFrameworksBuildPhase section */
		EE984A072BA0CA8900FCB907 /* Frameworks */ = {
			isa = PBXFrameworksBuildPhase;
			buildActionMask = 2147483647;
			files = (
			);
			runOnlyForDeploymentPostprocessing = 0;
		};
		EE984A172BA0CA8B00FCB907 /* Frameworks */ = {
			isa = PBXFrameworksBuildPhase;
			buildActionMask = 2147483647;
			files = (
			);
			runOnlyForDeploymentPostprocessing = 0;
		};
		EE984A212BA0CA8B00FCB907 /* Frameworks */ = {
			isa = PBXFrameworksBuildPhase;
			buildActionMask = 2147483647;
			files = (
			);
			runOnlyForDeploymentPostprocessing = 0;
		};
/* End PBXFrameworksBuildPhase section */

/* Begin PBXGroup section */
		EE984A012BA0CA8900FCB907 = {
			isa = PBXGroup;
			children = (
				EE984A0C2BA0CA8900FCB907 /* CSC680 Final Project */,
				EE984A1D2BA0CA8B00FCB907 /* CSC680 Final ProjectTests */,
				EE984A272BA0CA8B00FCB907 /* CSC680 Final ProjectUITests */,
				EE984A0B2BA0CA8900FCB907 /* Products */,
			);
			sourceTree = "<group>";
		};
		EE984A0B2BA0CA8900FCB907 /* Products */ = {
			isa = PBXGroup;
			children = (
				EE984A0A2BA0CA8900FCB907 /* CSC680 Final Project.app */,
				EE984A1A2BA0CA8B00FCB907 /* CSC680 Final ProjectTests.xctest */,
				EE984A242BA0CA8B00FCB907 /* CSC680 Final ProjectUITests.xctest */,
			);
			name = Products;
			sourceTree = "<group>";
		};
		EE984A0C2BA0CA8900FCB907 /* CSC680 Final Project */ = {
			isa = PBXGroup;
			children = (
				EE984A0D2BA0CA8900FCB907 /* CSC680_Final_ProjectApp.swift */,
				EE984A0F2BA0CA8900FCB907 /* ContentView.swift */,
				EE984A112BA0CA8B00FCB907 /* Assets.xcassets */,
				EE984A132BA0CA8B00FCB907 /* Preview Content */,
			);
			path = "CSC680 Final Project";
			sourceTree = "<group>";
		};
		EE984A132BA0CA8B00FCB907 /* Preview Content */ = {
			isa = PBXGroup;
			children = (
				EE984A142BA0CA8B00FCB907 /* Preview Assets.xcassets */,
			);
			path = "Preview Content";
			sourceTree = "<group>";
		};
		EE984A1D2BA0CA8B00FCB907 /* CSC680 Final ProjectTests */ = {
			isa = PBXGroup;
			children = (
				EE984A1E2BA0CA8B00FCB907 /* CSC680_Final_ProjectTests.swift */,
			);
			path = "CSC680 Final ProjectTests";
			sourceTree = "<group>";
		};
		EE984A272BA0CA8B00FCB907 /* CSC680 Final ProjectUITests */ = {
			isa = PBXGroup;
			children = (
				EE984A282BA0CA8B00FCB907 /* CSC680_Final_ProjectUITests.swift */,
				EE984A2A2BA0CA8B00FCB907 /* CSC680_Final_ProjectUITestsLaunchTests.swift */,
			);
			path = "CSC680 Final ProjectUITests";
			sourceTree = "<group>";
		};
/* End PBXGroup section */

/* Begin PBXNativeTarget section */
		EE984A092BA0CA8900FCB907 /* CSC680 Final Project */ = {
			isa = PBXNativeTarget;
			buildConfigurationList = EE984A2E2BA0CA8B00FCB907 /* Build configuration list for PBXNativeTarget "CSC680 Final Project" */;
			buildPhases = (
				EE984A062BA0CA8900FCB907 /* Sources */,
				EE984A072BA0CA8900FCB907 /* Frameworks */,
				EE984A082BA0CA8900FCB907 /* Resources */,
			);
			buildRules = (
			);
			dependencies = (
			);
			name = "CSC680 Final Project";
			productName = "CSC680 Final Project";
			productReference = EE984A0A2BA0CA8900FCB907 /* CSC680 Final Project.app */;
			productType = "com.apple.product-type.application";
		};
		EE984A192BA0CA8B00FCB907 /* CSC680 Final ProjectTests */ = {
			isa = PBXNativeTarget;
			buildConfigurationList = EE984A312BA0CA8B00FCB907 /* Build configuration list for PBXNativeTarget "CSC680 Final ProjectTests" */;
			buildPhases = (
				EE984A162BA0CA8B00FCB907 /* Sources */,
				EE984A172BA0CA8B00FCB907 /* Frameworks */,
				EE984A182BA0CA8B00FCB907 /* Resources */,
			);
			buildRules = (
			);
			dependencies = (
				EE984A1C2BA0CA8B00FCB907 /* PBXTargetDependency */,
			);
			name = "CSC680 Final ProjectTests";
			productName = "CSC680 Final ProjectTests";
			productReference = EE984A1A2BA0CA8B00FCB907 /* CSC680 Final ProjectTests.xctest */;
			productType = "com.apple.product-type.bundle.unit-test";
		};
		EE984A232BA0CA8B00FCB907 /* CSC680 Final ProjectUITests */ = {
			isa = PBXNativeTarget;
			buildConfigurationList = EE984A342BA0CA8B00FCB907 /* Build configuration list for PBXNativeTarget "CSC680 Final ProjectUITests" */;
			buildPhases = (
				EE984A202BA0CA8B00FCB907 /* Sources */,
				EE984A212BA0CA8B00FCB907 /* Frameworks */,
				EE984A222BA0CA8B00FCB907 /* Resources */,
			);
			buildRules = (
			);
			dependencies = (
				EE984A262BA0CA8B00FCB907 /* PBXTargetDependency */,
			);
			name = "CSC680 Final ProjectUITests";
			productName = "CSC680 Final ProjectUITests";
			productReference = EE984A242BA0CA8B00FCB907 /* CSC680 Final ProjectUITests.xctest */;
			productType = "com.apple.product-type.bundle.ui-testing";
		};
/* End PBXNativeTarget section */

/* Begin PBXProject section */
		EE984A022BA0CA8900FCB907 /* Project object */ = {
			isa = PBXProject;
			attributes = {
				BuildIndependentTargetsInParallel = 1;
				LastSwiftUpdateCheck = 1530;
				LastUpgradeCheck = 1530;
				TargetAttributes = {
					EE984A092BA0CA8900FCB907 = {
						CreatedOnToolsVersion = 15.3;
					};
					EE984A192BA0CA8B00FCB907 = {
						CreatedOnToolsVersion = 15.3;
						TestTargetID = EE984A092BA0CA8900FCB907;
					};
					EE984A232BA0CA8B00FCB907 = {
						CreatedOnToolsVersion = 15.3;
						TestTargetID = EE984A092BA0CA8900FCB907;
					};
				};
			};
			buildConfigurationList = EE984A052BA0CA8900FCB907 /* Build configuration list for PBXProject "CSC680 Final Project" */;
			compatibilityVersion = "Xcode 14.0";
			developmentRegion = en;
			hasScannedForEncodings = 0;
			knownRegions = (
				en,
				Base,
			);
			mainGroup = EE984A012BA0CA8900FCB907;
			productRefGroup = EE984A0B2BA0CA8900FCB907 /* Products */;
			projectDirPath = "";
			projectRoot = "";
			targets = (
				EE984A092BA0CA8900FCB907 /* CSC680 Final Project */,
				EE984A192BA0CA8B00FCB907 /* CSC680 Final ProjectTests */,
				EE984A232BA0CA8B00FCB907 /* CSC680 Final ProjectUITests */,
			);
		};
/* End PBXProject section */

/* Begin PBXResourcesBuildPhase section */
		EE984A082BA0CA8900FCB907 /* Resources */ = {
			isa = PBXResourcesBuildPhase;
			buildActionMask = 2147483647;
			files = (
				EE984A152BA0CA8B00FCB907 /* Preview Assets.xcassets in Resources */,
				EE984A122BA0CA8B00FCB907 /* Assets.xcassets in Resources */,
			);
			runOnlyForDeploymentPostprocessing = 0;
		};
		EE984A182BA0CA8B00FCB907 /* Resources */ = {
			isa = PBXResourcesBuildPhase;
			buildActionMask = 2147483647;
			files = (
			);
			runOnlyForDeploymentPostprocessing = 0;
		};
		EE984A222BA0CA8B00FCB907 /* Resources */ = {
			isa = PBXResourcesBuildPhase;
			buildActionMask = 2147483647;
			files = (
			);
			runOnlyForDeploymentPostprocessing = 0;
		};
/* End PBXResourcesBuildPhase section */

/* Begin PBXSourcesBuildPhase section */
		EE984A062BA0CA8900FCB907 /* Sources */ = {
			isa = PBXSourcesBuildPhase;
			buildActionMask = 2147483647;
			files = (
				EE984A102BA0CA8900FCB907 /* ContentView.swift in Sources */,
				EE984A0E2BA0CA8900FCB907 /* CSC680_Final_ProjectApp.swift in Sources */,
			);
			runOnlyForDeploymentPostprocessing = 0;
		};
		EE984A162BA0CA8B00FCB907 /* Sources */ = {
			isa = PBXSourcesBuildPhase;
			buildActionMask = 2147483647;
			files = (
				EE984A1F2BA0CA8B00FCB907 /* CSC680_Final_ProjectTests.swift in Sources */,
			);
			runOnlyForDeploymentPostprocessing = 0;
		};
		EE984A202BA0CA8B00FCB907 /* Sources */ = {
			isa = PBXSourcesBuildPhase;
			buildActionMask = 2147483647;
			files = (
				EE984A2B2BA0CA8B00FCB907 /* CSC680_Final_ProjectUITestsLaunchTests.swift in Sources */,
				EE984A292BA0CA8B00FCB907 /* CSC680_Final_ProjectUITests.swift in Sources */,
			);
			runOnlyForDeploymentPostprocessing = 0;
		};
/* End PBXSourcesBuildPhase section */

/* Begin PBXTargetDependency section */
		EE984A1C2BA0CA8B00FCB907 /* PBXTargetDependency */ = {
			isa = PBXTargetDependency;
			target = EE984A092BA0CA8900FCB907 /* CSC680 Final Project */;
			targetProxy = EE984A1B2BA0CA8B00FCB907 /* PBXContainerItemProxy */;
		};
		EE984A262BA0CA8B00FCB907 /* PBXTargetDependency */ = {
			isa = PBXTargetDependency;
			target = EE984A092BA0CA8900FCB907 /* CSC680 Final Project */;
			targetProxy = EE984A252BA0CA8B00FCB907 /* PBXContainerItemProxy */;
		};
/* End PBXTargetDependency section */

/* Begin XCBuildConfiguration section */
		EE984A2C2BA0CA8B00FCB907 /* Debug */ = {
			isa = XCBuildConfiguration;
			buildSettings = {
				ALWAYS_SEARCH_USER_PATHS = NO;
				ASSETCATALOG_COMPILER_GENERATE_SWIFT_ASSET_SYMBOL_EXTENSIONS = YES;
				CLANG_ANALYZER_NONNULL = YES;
				CLANG_ANALYZER_NUMBER_OBJECT_CONVERSION = YES_AGGRESSIVE;
				CLANG_CXX_LANGUAGE_STANDARD = "gnu++20";
				CLANG_ENABLE_MODULES = YES;
				CLANG_ENABLE_OBJC_ARC = YES;
				CLANG_ENABLE_OBJC_WEAK = YES;
				CLANG_WARN_BLOCK_CAPTURE_AUTORELEASING = YES;
				CLANG_WARN_BOOL_CONVERSION = YES;
				CLANG_WARN_COMMA = YES;
				CLANG_WARN_CONSTANT_CONVERSION = YES;
				CLANG_WARN_DEPRECATED_OBJC_IMPLEMENTATIONS = YES;
				CLANG_WARN_DIRECT_OBJC_ISA_USAGE = YES_ERROR;
				CLANG_WARN_DOCUMENTATION_COMMENTS = YES;
				CLANG_WARN_EMPTY_BODY = YES;
				CLANG_WARN_ENUM_CONVERSION = YES;
				CLANG_WARN_INFINITE_RECURSION = YES;
				CLANG_WARN_INT_CONVERSION = YES;
				CLANG_WARN_NON_LITERAL_NULL_CONVERSION = YES;
				CLANG_WARN_OBJC_IMPLICIT_RETAIN_SELF = YES;
				CLANG_WARN_OBJC_LITERAL_CONVERSION = YES;
				CLANG_WARN_OBJC_ROOT_CLASS = YES_ERROR;
				CLANG_WARN_QUOTED_INCLUDE_IN_FRAMEWORK_HEADER = YES;
				CLANG_WARN_RANGE_LOOP_ANALYSIS = YES;
				CLANG_WARN_STRICT_PROTOTYPES = YES;
				CLANG_WARN_SUSPICIOUS_MOVE = YES;
				CLANG_WARN_UNGUARDED_AVAILABILITY = YES_AGGRESSIVE;
				CLANG_WARN_UNREACHABLE_CODE = YES;
				CLANG_WARN__DUPLICATE_METHOD_MATCH = YES;
				COPY_PHASE_STRIP = NO;
				DEBUG_INFORMATION_FORMAT = dwarf;
				ENABLE_STRICT_OBJC_MSGSEND = YES;
				ENABLE_TESTABILITY = YES;
				ENABLE_USER_SCRIPT_SANDBOXING = YES;
				GCC_C_LANGUAGE_STANDARD = gnu17;
				GCC_DYNAMIC_NO_PIC = NO;
				GCC_NO_COMMON_BLOCKS = YES;
				GCC_OPTIMIZATION_LEVEL = 0;
				GCC_PREPROCESSOR_DEFINITIONS = (
					"DEBUG=1",
					"$(inherited)",
				);
				GCC_WARN_64_TO_32_BIT_CONVERSION = YES;
				GCC_WARN_ABOUT_RETURN_TYPE = YES_ERROR;
				GCC_WARN_UNDECLARED_SELECTOR = YES;
				GCC_WARN_UNINITIALIZED_AUTOS = YES_AGGRESSIVE;
				GCC_WARN_UNUSED_FUNCTION = YES;
				GCC_WARN_UNUSED_VARIABLE = YES;
				IPHONEOS_DEPLOYMENT_TARGET = 17.4;
				LOCALIZATION_PREFERS_STRING_CATALOGS = YES;
				MTL_ENABLE_DEBUG_INFO = INCLUDE_SOURCE;
				MTL_FAST_MATH = YES;
				ONLY_ACTIVE_ARCH = YES;
				SDKROOT = iphoneos;
				SWIFT_ACTIVE_COMPILATION_CONDITIONS = "DEBUG $(inherited)";
				SWIFT_OPTIMIZATION_LEVEL = "-Onone";
			};
			name = Debug;
		};
		EE984A2D2BA0CA8B00FCB907 /* Release */ = {
			isa = XCBuildConfiguration;
			buildSettings = {
				ALWAYS_SEARCH_USER_PATHS = NO;
				ASSETCATALOG_COMPILER_GENERATE_SWIFT_ASSET_SYMBOL_EXTENSIONS = YES;
				CLANG_ANALYZER_NONNULL = YES;
				CLANG_ANALYZER_NUMBER_OBJECT_CONVERSION = YES_AGGRESSIVE;
				CLANG_CXX_LANGUAGE_STANDARD = "gnu++20";
				CLANG_ENABLE_MODULES = YES;
				CLANG_ENABLE_OBJC_ARC = YES;
				CLANG_ENABLE_OBJC_WEAK = YES;
				CLANG_WARN_BLOCK_CAPTURE_AUTORELEASING = YES;
				CLANG_WARN_BOOL_CONVERSION = YES;
				CLANG_WARN_COMMA = YES;
				CLANG_WARN_CONSTANT_CONVERSION = YES;
				CLANG_WARN_DEPRECATED_OBJC_IMPLEMENTATIONS = YES;
				CLANG_WARN_DIRECT_OBJC_ISA_USAGE = YES_ERROR;
				CLANG_WARN_DOCUMENTATION_COMMENTS = YES;
				CLANG_WARN_EMPTY_BODY = YES;
				CLANG_WARN_ENUM_CONVERSION = YES;
				CLANG_WARN_INFINITE_RECURSION = YES;
				CLANG_WARN_INT_CONVERSION = YES;
				CLANG_WARN_NON_LITERAL_NULL_CONVERSION = YES;
				CLANG_WARN_OBJC_IMPLICIT_RETAIN_SELF = YES;
				CLANG_WARN_OBJC_LITERAL_CONVERSION = YES;
				CLANG_WARN_OBJC_ROOT_CLASS = YES_ERROR;
				CLANG_WARN_QUOTED_INCLUDE_IN_FRAMEWORK_HEADER = YES;
				CLANG_WARN_RANGE_LOOP_ANALYSIS = YES;
				CLANG_WARN_STRICT_PROTOTYPES = YES;
				CLANG_WARN_SUSPICIOUS_MOVE = YES;
				CLANG_WARN_UNGUARDED_AVAILABILITY = YES_AGGRESSIVE;
				CLANG_WARN_UNREACHABLE_CODE = YES;
				CLANG_WARN__DUPLICATE_METHOD_MATCH = YES;
				COPY_PHASE_STRIP = NO;
				DEBUG_INFORMATION_FORMAT = "dwarf-with-dsym";
				ENABLE_NS_ASSERTIONS = NO;
				ENABLE_STRICT_OBJC_MSGSEND = YES;
				ENABLE_USER_SCRIPT_SANDBOXING = YES;
				GCC_C_LANGUAGE_STANDARD = gnu17;
				GCC_NO_COMMON_BLOCKS = YES;
				GCC_WARN_64_TO_32_BIT_CONVERSION = YES;
				GCC_WARN_ABOUT_RETURN_TYPE = YES_ERROR;
				GCC_WARN_UNDECLARED_SELECTOR = YES;
				GCC_WARN_UNINITIALIZED_AUTOS = YES_AGGRESSIVE;
				GCC_WARN_UNUSED_FUNCTION = YES;
				GCC_WARN_UNUSED_VARIABLE = YES;
				IPHONEOS_DEPLOYMENT_TARGET = 17.4;
				LOCALIZATION_PREFERS_STRING_CATALOGS = YES;
				MTL_ENABLE_DEBUG_INFO = NO;
				MTL_FAST_MATH = YES;
				SDKROOT = iphoneos;
				SWIFT_COMPILATION_MODE = wholemodule;
				VALIDATE_PRODUCT = YES;
			};
			name = Release;
		};
		EE984A2F2BA0CA8B00FCB907 /* Debug */ = {
			isa = XCBuildConfiguration;
			buildSettings = {
				ASSETCATALOG_COMPILER_APPICON_NAME = AppIcon;
				ASSETCATALOG_COMPILER_GLOBAL_ACCENT_COLOR_NAME = AccentColor;
				CODE_SIGN_STYLE = Automatic;
				CURRENT_PROJECT_VERSION = 1;
				DEVELOPMENT_ASSET_PATHS = "\"CSC680 Final Project/Preview Content\"";
				ENABLE_PREVIEWS = YES;
				GENERATE_INFOPLIST_FILE = YES;
				INFOPLIST_KEY_UIApplicationSceneManifest_Generation = YES;
				INFOPLIST_KEY_UIApplicationSupportsIndirectInputEvents = YES;
				INFOPLIST_KEY_UILaunchScreen_Generation = YES;
				INFOPLIST_KEY_UISupportedInterfaceOrientations_iPad = "UIInterfaceOrientationPortrait UIInterfaceOrientationPortraitUpsideDown UIInterfaceOrientationLandscapeLeft UIInterfaceOrientationLandscapeRight";
				INFOPLIST_KEY_UISupportedInterfaceOrientations_iPhone = "UIInterfaceOrientationPortrait UIInterfaceOrientationLandscapeLeft UIInterfaceOrientationLandscapeRight";
				LD_RUNPATH_SEARCH_PATHS = (
					"$(inherited)",
					"@executable_path/Frameworks",
				);
				MARKETING_VERSION = 1.0;
				PRODUCT_BUNDLE_IDENTIFIER = "brianjien.CSC680-Final-Project";
				PRODUCT_NAME = "$(TARGET_NAME)";
				SWIFT_EMIT_LOC_STRINGS = YES;
				SWIFT_VERSION = 5.0;
				TARGETED_DEVICE_FAMILY = "1,2";
			};
			name = Debug;
		};
		EE984A302BA0CA8B00FCB907 /* Release */ = {
			isa = XCBuildConfiguration;
			buildSettings = {
				ASSETCATALOG_COMPILER_APPICON_NAME = AppIcon;
				ASSETCATALOG_COMPILER_GLOBAL_ACCENT_COLOR_NAME = AccentColor;
				CODE_SIGN_STYLE = Automatic;
				CURRENT_PROJECT_VERSION = 1;
				DEVELOPMENT_ASSET_PATHS = "\"CSC680 Final Project/Preview Content\"";
				ENABLE_PREVIEWS = YES;
				GENERATE_INFOPLIST_FILE = YES;
				INFOPLIST_KEY_UIApplicationSceneManifest_Generation = YES;
				INFOPLIST_KEY_UIApplicationSupportsIndirectInputEvents = YES;
				INFOPLIST_KEY_UILaunchScreen_Generation = YES;
				INFOPLIST_KEY_UISupportedInterfaceOrientations_iPad = "UIInterfaceOrientationPortrait UIInterfaceOrientationPortraitUpsideDown UIInterfaceOrientationLandscapeLeft UIInterfaceOrientationLandscapeRight";
				INFOPLIST_KEY_UISupportedInterfaceOrientations_iPhone = "UIInterfaceOrientationPortrait UIInterfaceOrientationLandscapeLeft UIInterfaceOrientationLandscapeRight";
				LD_RUNPATH_SEARCH_PATHS = (
					"$(inherited)",
					"@executable_path/Frameworks",
				);
				MARKETING_VERSION = 1.0;
				PRODUCT_BUNDLE_IDENTIFIER = "brianjien.CSC680-Final-Project";
				PRODUCT_NAME = "$(TARGET_NAME)";
				SWIFT_EMIT_LOC_STRINGS = YES;
				SWIFT_VERSION = 5.0;
				TARGETED_DEVICE_FAMILY = "1,2";
			};
			name = Release;
		};
		EE984A322BA0CA8B00FCB907 /* Debug */ = {
			isa = XCBuildConfiguration;
			buildSettings = {
				ALWAYS_EMBED_SWIFT_STANDARD_LIBRARIES = YES;
				BUNDLE_LOADER = "$(TEST_HOST)";
				CODE_SIGN_STYLE = Automatic;
				CURRENT_PROJECT_VERSION = 1;
				GENERATE_INFOPLIST_FILE = YES;
				IPHONEOS_DEPLOYMENT_TARGET = 17.4;
				MARKETING_VERSION = 1.0;
				PRODUCT_BUNDLE_IDENTIFIER = "brianjien.CSC680-Final-ProjectTests";
				PRODUCT_NAME = "$(TARGET_NAME)";
				SWIFT_EMIT_LOC_STRINGS = NO;
				SWIFT_VERSION = 5.0;
				TARGETED_DEVICE_FAMILY = "1,2";
				TEST_HOST = "$(BUILT_PRODUCTS_DIR)/CSC680 Final Project.app/$(BUNDLE_EXECUTABLE_FOLDER_PATH)/CSC680 Final Project";
			};
			name = Debug;
		};
		EE984A332BA0CA8B00FCB907 /* Release */ = {
			isa = XCBuildConfiguration;
			buildSettings = {
				ALWAYS_EMBED_SWIFT_STANDARD_LIBRARIES = YES;
				BUNDLE_LOADER = "$(TEST_HOST)";
				CODE_SIGN_STYLE = Automatic;
				CURRENT_PROJECT_VERSION = 1;
				GENERATE_INFOPLIST_FILE = YES;
				IPHONEOS_DEPLOYMENT_TARGET = 17.4;
				MARKETING_VERSION = 1.0;
				PRODUCT_BUNDLE_IDENTIFIER = "brianjien.CSC680-Final-ProjectTests";
				PRODUCT_NAME = "$(TARGET_NAME)";
				SWIFT_EMIT_LOC_STRINGS = NO;
				SWIFT_VERSION = 5.0;
				TARGETED_DEVICE_FAMILY = "1,2";
				TEST_HOST = "$(BUILT_PRODUCTS_DIR)/CSC680 Final Project.app/$(BUNDLE_EXECUTABLE_FOLDER_PATH)/CSC680 Final Project";
			};
			name = Release;
		};
		EE984A352BA0CA8B00FCB907 /* Debug */ = {
			isa = XCBuildConfiguration;
			buildSettings = {
				ALWAYS_EMBED_SWIFT_STANDARD_LIBRARIES = YES;
				CODE_SIGN_STYLE = Automatic;
				CURRENT_PROJECT_VERSION = 1;
				GENERATE_INFOPLIST_FILE = YES;
				MARKETING_VERSION = 1.0;
				PRODUCT_BUNDLE_IDENTIFIER = "brianjien.CSC680-Final-ProjectUITests";
				PRODUCT_NAME = "$(TARGET_NAME)";
				SWIFT_EMIT_LOC_STRINGS = NO;
				SWIFT_VERSION = 5.0;
				TARGETED_DEVICE_FAMILY = "1,2";
				TEST_TARGET_NAME = "CSC680 Final Project";
			};
			name = Debug;
		};
		EE984A362BA0CA8B00FCB907 /* Release */ = {
			isa = XCBuildConfiguration;
			buildSettings = {
				ALWAYS_EMBED_SWIFT_STANDARD_LIBRARIES = YES;
				CODE_SIGN_STYLE = Automatic;
				CURRENT_PROJECT_VERSION = 1;
				GENERATE_INFOPLIST_FILE = YES;
				MARKETING_VERSION = 1.0;
				PRODUCT_BUNDLE_IDENTIFIER = "brianjien.CSC680-Final-ProjectUITests";
				PRODUCT_NAME = "$(TARGET_NAME)";
				SWIFT_EMIT_LOC_STRINGS = NO;
				SWIFT_VERSION = 5.0;
				TARGETED_DEVICE_FAMILY = "1,2";
				TEST_TARGET_NAME = "CSC680 Final Project";
			};
			name = Release;
		};
/* End XCBuildConfiguration section */

/* Begin XCConfigurationList section */
		EE984A052BA0CA8900FCB907 /* Build configuration list for PBXProject "CSC680 Final Project" */ = {
			isa = XCConfigurationList;
			buildConfigurations = (
				EE984A2C2BA0CA8B00FCB907 /* Debug */,
				EE984A2D2BA0CA8B00FCB907 /* Release */,
			);
			defaultConfigurationIsVisible = 0;
			defaultConfigurationName = Release;
		};
		EE984A2E2BA0CA8B00FCB907 /* Build configuration list for PBXNativeTarget "CSC680 Final Project" */ = {
			isa = XCConfigurationList;
			buildConfigurations = (
				EE984A2F2BA0CA8B00FCB907 /* Debug */,
				EE984A302BA0CA8B00FCB907 /* Release */,
			);
			defaultConfigurationIsVisible = 0;
			defaultConfigurationName = Release;
		};
		EE984A312BA0CA8B00FCB907 /* Build configuration list for PBXNativeTarget "CSC680 Final ProjectTests" */ = {
			isa = XCConfigurationList;
			buildConfigurations = (
				EE984A322BA0CA8B00FCB907 /* Debug */,
				EE984A332BA0CA8B00FCB907 /* Release */,
			);
			defaultConfigurationIsVisible = 0;
			defaultConfigurationName = Release;
		};
		EE984A342BA0CA8B00FCB907 /* Build configuration list for PBXNativeTarget "CSC680 Final ProjectUITests" */ = {
			isa = XCConfigurationList;
			buildConfigurations = (
				EE984A352BA0CA8B00FCB907 /* Debug */,
				EE984A362BA0CA8B00FCB907 /* Release */,
			);
			defaultConfigurationIsVisible = 0;
			defaultConfigurationName = Release;
		};
/* End XCConfigurationList section */
	};
	rootObject = EE984A022BA0CA8900FCB907 /* Project object */;
}
